# This file is automatically @generated by Cargo.
# It is not intended for manual editing.
version = 4

[[package]]
name = "bitflags"
version = "1.3.2"
source = "registry+https://github.com/rust-lang/crates.io-index"
checksum = "bef38d45163c2f1dde094a7dfd33ccf595c92905c8f8f4fdc18d06fb1037718a"

[[package]]
name = "bitflags"
version = "2.10.0"
source = "registry+https://github.com/rust-lang/crates.io-index"
checksum = "812e12b5285cc515a9c72a5c1d3b6d46a19dac5acfef5265968c166106e31dd3"

[[package]]
name = "bumpalo"
version = "3.19.0"
source = "registry+https://github.com/rust-lang/crates.io-index"
checksum = "46c5e41b57b8bba42a04676d81cb89e9ee8e859a1a66f80a5a72e1cb76b34d43"

[[package]]
name = "cfg-if"
version = "1.0.4"
source = "registry+https://github.com/rust-lang/crates.io-index"
checksum = "9330f8b2ff13f34540b44e946ef35111825727b38d33286ef986142615121801"

[[package]]
name = "equivalent"
version = "1.0.2"
source = "registry+https://github.com/rust-lang/crates.io-index"
checksum = "877a4ace8713b0bcf2a4e7eec82529c029f1d0619886d18145fea96c3ffe5c0f"

[[package]]
name = "hashbrown"
version = "0.16.1"
source = "registry+https://github.com/rust-lang/crates.io-index"
checksum = "841d1cc9bed7f9236f321df977030373f4a4163ae1a7dbfe1a51a2c1a51d9100"

[[package]]
name = "indexmap"
version = "2.12.1"
source = "registry+https://github.com/rust-lang/crates.io-index"
checksum = "0ad4bb2b565bca0645f4d68c5c9af97fba094e9791da685bf83cb5f3ce74acf2"
dependencies = [
 "equivalent",
 "hashbrown",
]

[[package]]
name = "lazy_static"
version = "1.5.0"
source = "registry+https://github.com/rust-lang/crates.io-index"
checksum = "bbd2bcb4c963f2ddae06a2efc7e9f3591312473c50c6685e1f298068316e66fe"

[[package]]
name = "leb128fmt"
version = "0.1.0"
source = "registry+https://github.com/rust-lang/crates.io-index"
checksum = "09edd9e8b54e49e587e4f6295a7d29c3ea94d469cb40ab8ca70b288248a81db2"

[[package]]
name = "libc"
version = "0.2.179"
source = "registry+https://github.com/rust-lang/crates.io-index"
checksum = "c5a2d376baa530d1238d133232d15e239abad80d05838b4b59354e5268af431f"

[[package]]
name = "memchr"
version = "2.7.6"
source = "registry+https://github.com/rust-lang/crates.io-index"
checksum = "f52b00d39961fc5b2736ea853c9cc86238e165017a493d1d5c8eac6bdc4cc273"

[[package]]
name = "sdl2"
version = "0.38.0"
source = "registry+https://github.com/rust-lang/crates.io-index"
checksum = "2d42407afc6a8ab67e36f92e80b8ba34cbdc55aaeed05249efe9a2e8d0e9feef"
dependencies = [
 "bitflags 1.3.2",
 "lazy_static",
 "libc",
 "sdl2-sys",
]

[[package]]
name = "sdl2-sys"
version = "0.38.0"
source = "registry+https://github.com/rust-lang/crates.io-index"
checksum = "3ff61407fc75d4b0bbc93dc7e4d6c196439965fbef8e4a4f003a36095823eac0"
dependencies = [
 "cfg-if",
 "libc",
 "version-compare",
]

[[package]]
name = "semblance"
version = "0.1.0"

[[package]]
name = "semblance-mars"
version = "0.1.0"
dependencies = [
 "sdl2",
 "semblance",
]

[[package]]
name = "semblance-wast"
version = "0.1.0"
dependencies = [
 "semblance",
 "wast",
]

[[package]]
name = "semver"
version = "1.0.27"
source = "registry+https://github.com/rust-lang/crates.io-index"
checksum = "d767eb0aabc880b29956c35734170f26ed551a859dbd361d140cdbeca61ab1e2"

[[package]]
name = "unicode-width"
version = "0.2.2"
source = "registry+https://github.com/rust-lang/crates.io-index"
checksum = "b4ac048d71ede7ee76d585517add45da530660ef4390e49b098733c6e897f254"

[[package]]
name = "version-compare"
version = "0.1.1"
source = "registry+https://github.com/rust-lang/crates.io-index"
checksum = "579a42fc0b8e0c63b76519a339be31bed574929511fa53c1a3acae26eb258f29"

[[package]]
name = "wasm-encoder"
version = "0.243.0"
source = "registry+https://github.com/rust-lang/crates.io-index"
checksum = "c55db9c896d70bd9fa535ce83cd4e1f2ec3726b0edd2142079f594fc3be1cb35"
dependencies = [
 "leb128fmt",
 "wasmparser",
]

[[package]]
name = "wasmparser"
version = "0.243.0"
source = "registry+https://github.com/rust-lang/crates.io-index"
checksum = "f6d8db401b0528ec316dfbe579e6ab4152d61739cfe076706d2009127970159d"
dependencies = [
 "bitflags 2.10.0",
 "indexmap",
 "semver",
]

[[package]]
name = "wast"
version = "243.0.0"
source = "registry+https://github.com/rust-lang/crates.io-index"
checksum = "df21d01c2d91e46cb7a221d79e58a2d210ea02020d57c092e79255cc2999ca7f"
dependencies = [
 "bumpalo",
 "leb128fmt",
 "memchr",
 "unicode-width",
 "wasm-encoder",
]
